{
  "name": "@orthic-labs/legion",
  "version": "0.1.0-dev.0",
  "lockfileVersion": 3,
  "requires": true,
  "packages": {
    "": {
      "name": "@orthic-labs/legion",
      "version": "0.1.0-dev.0",
      "license": "SEE LICENSE IN LICENSE",
      "dependencies": {
        "@rightkit/hooks": "0.1.0"
      },
      "bin": {
        "legion": "src/bin/legion.mjs"
      },
      "engines": {
        "node": ">=22.13"
      }
    },
    "node_modules/@rightkit/hooks": {
      "version": "0.1.0",
      "resolved": "https://registry.npmjs.org/@rightkit/hooks/-/hooks-0.1.0.tgz",
      "integrity": "sha512-6+SjBp5YABYqxMH6l2BC0ZTrIdDmTBSzvpuHyHvw3mT8Sf5FSgCYo1zVo28AQ+BsHfWkJN+S4JlirIrhTIc0mg==",
      "bin": {
        "rightkit-hooks": "bin/rightkit-hooks.mjs"
      }
    }
  }
}
