lockfileVersion: '9.0'

settings:
  autoInstallPeers: true
  excludeLinksFromLockfile: false

importers:

  .:
    dependencies:
      '@rightkit/hooks':
        specifier: 0.1.2
        version: 0.1.2
    devDependencies:
      '@rightkit/ax':
        specifier: 0.2.4
        version: 0.2.4
      '@rightkit/git':
        specifier: 0.2.35
        version: 0.2.35
      '@rightkit/release':
        specifier: 0.2.148
        version: 0.2.148

packages:

  '@rightkit/ax@0.2.4':
    resolution: {integrity: sha512-bI1eU4+lYKl7q+RCHWyYXi3QOSFX32t3pArnoOnQDNBtYuU3VV/HS/3wDQEHi8QzIgxrhql+eggfDmWzVbAbCQ==}
    hasBin: true

  '@rightkit/git@0.2.35':
    resolution: {integrity: sha512-GHj9oEp5hdN41Oh4PNTgaxAGPsU5pkaSAjiRieGHaYYS0VWiU+o+IioQ+qzX0SSEXFsMIy2KRr2Snj7zlmNyLg==}
    hasBin: true

  '@rightkit/hooks@0.1.2':
    resolution: {integrity: sha512-0Fl5URRectgZEoJ6XYKme1x+rb/+LmW96rN4M7vT+E3mdNfWhfNt3MZsxbDC/A2g7Toz28nJakYteogVo+GuYg==}
    hasBin: true

  '@rightkit/release@0.2.148':
    resolution: {integrity: sha512-wXRafSbC5RqC5INN7lAs+0YBPv2TCNXltVpp6uVguDqDit1cDoZLRnLhwDMmlZ+dOL7i8sP8XHIYtjeHYW8p9Q==}
    hasBin: true

  smol-toml@1.7.0:
    resolution: {integrity: sha512-aqVvWoyO21L23mb+drl4RmMXbf6N7FdHjAhTRA9ZBL7apWBgfWC16KjrASI+1p9GAroljyMHj6fK67i0UiTNvQ==}
    engines: {node: '>= 18'}

snapshots:

  '@rightkit/ax@0.2.4': {}

  '@rightkit/git@0.2.35': {}

  '@rightkit/hooks@0.1.2': {}

  '@rightkit/release@0.2.148':
    dependencies:
      smol-toml: 1.7.0

  smol-toml@1.7.0: {}
