lockfileVersion: '9.0'

settings:
  autoInstallPeers: true
  excludeLinksFromLockfile: false

importers:

  .:
    dependencies:
      '@rightkit/hooks':
        specifier: 0.1.1
        version: 0.1.1
    devDependencies:
      '@rightkit/ax':
        specifier: 0.2.4
        version: 0.2.4
      '@rightkit/git':
        specifier: 0.2.24
        version: 0.2.24
      '@rightkit/release':
        specifier: 0.2.105
        version: 0.2.105

packages:

  '@rightkit/ax@0.2.4':
    resolution: {integrity: sha512-bI1eU4+lYKl7q+RCHWyYXi3QOSFX32t3pArnoOnQDNBtYuU3VV/HS/3wDQEHi8QzIgxrhql+eggfDmWzVbAbCQ==}
    hasBin: true

  '@rightkit/git@0.2.24':
    resolution: {integrity: sha512-jVAIZLWYU5tyEwB0exA6AJDTX5lbuxcEsSGmA2hisGYSvqXDfTNymId8aMu3n+YIAD2GEA4RE3QvBWYNJQI0Ag==}
    hasBin: true

  '@rightkit/hooks@0.1.1':
    resolution: {integrity: sha512-Z8AOe4eRJN90k98D9DB6XgKjSmjNTeQNcpHuTBIJRk0xmFyO7jqzV9AmO7jxFJOSg9YkzEuftra0UhfYLbGXRA==}
    hasBin: true

  '@rightkit/release@0.2.105':
    resolution: {integrity: sha512-uIIdbnJTISkIes5gQp/RxqvhcylC7eh0IpLpomnAbwnjpTwKHK3szfNbrIl1hMpsT95C2eSb9P3qI7g+whtiUg==}
    hasBin: true

snapshots:

  '@rightkit/ax@0.2.4': {}

  '@rightkit/git@0.2.24': {}

  '@rightkit/hooks@0.1.1': {}

  '@rightkit/release@0.2.105': {}
